
Microsoft Visual Studio Solution File, Format Version 12.00
# Visual Studio Version 17
VisualStudioVersion = 17.2.32630.192
MinimumVisualStudioVersion = 10.0.40219.1
Project("{FAE04EC0-301F-11D3-BF4B-00C04F79EFBC}") = "SerialisatonApp", "SerialisatonApp\SerialisatonApp.csproj", "{434D874C-08BC-4ED3-A897-BB7C010239B3}"
EndProject
Global
	GlobalSection(SolutionConfigurationPlatforms) = preSolution
		Debug|Any CPU = Debug|Any CPU
		Release|Any CPU = Release|Any CPU
	EndGlobalSection
	GlobalSection(ProjectConfigurationPlatforms) = postSolution
		{434D874C-08BC-4ED3-A897-BB7C010239B3}.Debug|Any CPU.ActiveCfg = Debug|Any CPU
		{434D874C-08BC-4ED3-A897-BB7C010239B3}.Debug|Any CPU.Build.0 = Debug|Any CPU
		{434D874C-08BC-4ED3-A897-BB7C010239B3}.Release|Any CPU.ActiveCfg = Release|Any CPU
		{434D874C-08BC-4ED3-A897-BB7C010239B3}.Release|Any CPU.Build.0 = Release|Any CPU
	EndGlobalSection
	GlobalSection(SolutionProperties) = preSolution
		HideSolutionNode = FALSE
	EndGlobalSection
	GlobalSection(ExtensibilityGlobals) = postSolution
		SolutionGuid = {6512F283-25E8-4048-BAD9-772344934C32}
	EndGlobalSection
EndGlobal
