
Microsoft Visual Studio Solution File, Format Version 12.00
# Visual Studio Version 17
VisualStudioVersion = 17.2.32630.192
MinimumVisualStudioVersion = 10.0.40219.1
Project("{FAE04EC0-301F-11D3-BF4B-00C04F79EFBC}") = "BDDCalculator", "BDDCalculator\BDDCalculator.csproj", "{2451E001-6C7B-41A0-828B-52519D39EA9D}"
EndProject
Project("{FAE04EC0-301F-11D3-BF4B-00C04F79EFBC}") = "CalculatorLib", "CalculatorLib\CalculatorLib.csproj", "{62AFC8D1-C1D1-4D2F-976A-8101D59CBB92}"
EndProject
Global
	GlobalSection(SolutionConfigurationPlatforms) = preSolution
		Debug|Any CPU = Debug|Any CPU
		Release|Any CPU = Release|Any CPU
	EndGlobalSection
	GlobalSection(ProjectConfigurationPlatforms) = postSolution
		{2451E001-6C7B-41A0-828B-52519D39EA9D}.Debug|Any CPU.ActiveCfg = Debug|Any CPU
		{2451E001-6C7B-41A0-828B-52519D39EA9D}.Debug|Any CPU.Build.0 = Debug|Any CPU
		{2451E001-6C7B-41A0-828B-52519D39EA9D}.Release|Any CPU.ActiveCfg = Release|Any CPU
		{2451E001-6C7B-41A0-828B-52519D39EA9D}.Release|Any CPU.Build.0 = Release|Any CPU
		{62AFC8D1-C1D1-4D2F-976A-8101D59CBB92}.Debug|Any CPU.ActiveCfg = Debug|Any CPU
		{62AFC8D1-C1D1-4D2F-976A-8101D59CBB92}.Debug|Any CPU.Build.0 = Debug|Any CPU
		{62AFC8D1-C1D1-4D2F-976A-8101D59CBB92}.Release|Any CPU.ActiveCfg = Release|Any CPU
		{62AFC8D1-C1D1-4D2F-976A-8101D59CBB92}.Release|Any CPU.Build.0 = Release|Any CPU
	EndGlobalSection
	GlobalSection(SolutionProperties) = preSolution
		HideSolutionNode = FALSE
	EndGlobalSection
	GlobalSection(ExtensibilityGlobals) = postSolution
		SolutionGuid = {519A2969-3C34-4109-835D-403498007587}
	EndGlobalSection
EndGlobal
